# THIS IS AN AUTOGENERATED FILE. DO NOT EDIT THIS FILE DIRECTLY.
# yarn lockfile v1


axios@^0.17.1:
  version "0.17.1"
  resolved "https://registry.yarnpkg.com/axios/-/axios-0.17.1.tgz#2d8e3e5d0bdbd7327f91bc814f5c57660f81824d"
  dependencies:
    follow-redirects "^1.2.5"
    is-buffer "^1.1.5"

base64-js@^1.0.2:
  version "1.3.0"
  resolved "https://registry.yarnpkg.com/base64-js/-/base64-js-1.3.0.tgz#cab1e6118f051095e58b5281aea8c1cd22bfc0e3"

bn.js@4.11.6:
  version "4.11.6"
  resolved "https://registry.yarnpkg.com/bn.js/-/bn.js-4.11.6.tgz#53344adb14617a13f6e8dd2ce28905d1c0ba3215"

btoa@^1.1.2:
  version "1.2.1"
  resolved "https://registry.yarnpkg.com/btoa/-/btoa-1.2.1.tgz#01a9909f8b2c93f6bf680ba26131eb30f7fa3d73"

buffer@^5.0.8:
  version "5.1.0"
  resolved "https://registry.yarnpkg.com/buffer/-/buffer-5.1.0.tgz#c913e43678c7cb7c8bd16afbcddb6c5505e8f9fe"
  dependencies:
    base64-js "^1.0.2"
    ieee754 "^1.1.4"

debug@^3.1.0:
  version "3.1.0"
  resolved "https://registry.yarnpkg.com/debug/-/debug-3.1.0.tgz#5bb5a0672628b64149566ba16819e61518c67261"
  dependencies:
    ms "2.0.0"

eventemitter3@^2.0.3:
  version "2.0.3"
  resolved "https://registry.yarnpkg.com/eventemitter3/-/eventemitter3-2.0.3.tgz#b5e1079b59fb5e1ba2771c0a993be060a58c99ba"

follow-redirects@^1.2.5:
  version "1.4.1"
  resolved "https://registry.yarnpkg.com/follow-redirects/-/follow-redirects-1.4.1.tgz#d8120f4518190f55aac65bb6fc7b85fcd666d6aa"
  dependencies:
    debug "^3.1.0"

ieee754@^1.1.4:
  version "1.1.11"
  resolved "https://registry.yarnpkg.com/ieee754/-/ieee754-1.1.11.tgz#c16384ffe00f5b7835824e67b6f2bd44a5229455"

is-buffer@^1.1.5:
  version "1.1.6"
  resolved "https://registry.yarnpkg.com/is-buffer/-/is-buffer-1.1.6.tgz#efaa2ea9daa0d7ab2ea13a97b2b8ad51fefbe8be"

is-hex-prefixed@1.0.0:
  version "1.0.0"
  resolved "https://registry.yarnpkg.com/is-hex-prefixed/-/is-hex-prefixed-1.0.0.tgz#7d8d37e6ad77e5d127148913c573e082d777f554"

js-sha3@0.5.5:
  version "0.5.5"
  resolved "https://registry.yarnpkg.com/js-sha3/-/js-sha3-0.5.5.tgz#baf0c0e8c54ad5903447df96ade7a4a1bca79a4a"

ms@2.0.0:
  version "2.0.0"
  resolved "https://registry.yarnpkg.com/ms/-/ms-2.0.0.tgz#5608aeadfc00be6c2901df5f9861788de0d597c8"

number-to-bn@1.7.0:
  version "1.7.0"
  resolved "https://registry.yarnpkg.com/number-to-bn/-/number-to-bn-1.7.0.tgz#bb3623592f7e5f9e0030b1977bd41a0c53fe1ea0"
  dependencies:
    bn.js "4.11.6"
    strip-hex-prefix "1.0.0"

qtumjs-ethjs-abi@^1.0.3:
  version "1.0.3"
  resolved "https://registry.yarnpkg.com/qtumjs-ethjs-abi/-/qtumjs-ethjs-abi-1.0.3.tgz#d2aecd89abfa4e118de48af9a741855cd89947dd"
  dependencies:
    bn.js "4.11.6"
    buffer "^5.0.8"
    js-sha3 "0.5.5"
    number-to-bn "1.7.0"

qtumjs@^1.8.0:
  version "1.8.0"
  resolved "https://registry.yarnpkg.com/qtumjs/-/qtumjs-1.8.0.tgz#f71a21f2e2c31a8b19acc6bb803e36e58da6d743"
  dependencies:
    axios "^0.17.1"
    btoa "^1.1.2"
    eventemitter3 "^2.0.3"
    qtumjs-ethjs-abi "^1.0.3"
    url-parse "^1.1.9"

querystringify@^2.0.0:
  version "2.0.0"
  resolved "https://registry.yarnpkg.com/querystringify/-/querystringify-2.0.0.tgz#fa3ed6e68eb15159457c89b37bc6472833195755"

requires-port@^1.0.0:
  version "1.0.0"
  resolved "https://registry.yarnpkg.com/requires-port/-/requires-port-1.0.0.tgz#925d2601d39ac485e091cf0da5c6e694dc3dcaff"

strip-hex-prefix@1.0.0:
  version "1.0.0"
  resolved "https://registry.yarnpkg.com/strip-hex-prefix/-/strip-hex-prefix-1.0.0.tgz#0c5f155fef1151373377de9dbb588da05500e36f"
  dependencies:
    is-hex-prefixed "1.0.0"

url-parse@^1.1.9:
  version "1.4.0"
  resolved "https://registry.yarnpkg.com/url-parse/-/url-parse-1.4.0.tgz#6bfdaad60098c7fe06f623e42b22de62de0d3d75"
  dependencies:
    querystringify "^2.0.0"
    requires-port "^1.0.0"
